
Microsoft Visual Studio Solution File, Format Version 12.00
# Visual Studio 14
VisualStudioVersion = 14.0.25420.1
MinimumVisualStudioVersion = 10.0.40219.1
Project("{FAE04EC0-301F-11D3-BF4B-00C04F79EFBC}") = "Fire Emblem Empires", "Fire Emblem Empires\Fire Emblem Empires.csproj", "{95ADCAEC-7A22-44E7-96FD-D1BE98AAD4DC}"
EndProject
Project("{FAE04EC0-301F-11D3-BF4B-00C04F79EFBC}") = "Fire Emblem EmpiresTests", "Fire Emblem EmpiresTests\Fire Emblem EmpiresTests.csproj", "{0745B145-CC6B-4F96-AB9E-49F481DAA1C8}"
EndProject
Global
	GlobalSection(SolutionConfigurationPlatforms) = preSolution
		Debug|Any CPU = Debug|Any CPU
		Release|Any CPU = Release|Any CPU
	EndGlobalSection
	GlobalSection(ProjectConfigurationPlatforms) = postSolution
		{95ADCAEC-7A22-44E7-96FD-D1BE98AAD4DC}.Debug|Any CPU.ActiveCfg = Debug|Any CPU
		{95ADCAEC-7A22-44E7-96FD-D1BE98AAD4DC}.Debug|Any CPU.Build.0 = Debug|Any CPU
		{95ADCAEC-7A22-44E7-96FD-D1BE98AAD4DC}.Release|Any CPU.ActiveCfg = Release|Any CPU
		{95ADCAEC-7A22-44E7-96FD-D1BE98AAD4DC}.Release|Any CPU.Build.0 = Release|Any CPU
		{0745B145-CC6B-4F96-AB9E-49F481DAA1C8}.Debug|Any CPU.ActiveCfg = Debug|Any CPU
		{0745B145-CC6B-4F96-AB9E-49F481DAA1C8}.Debug|Any CPU.Build.0 = Debug|Any CPU
		{0745B145-CC6B-4F96-AB9E-49F481DAA1C8}.Release|Any CPU.ActiveCfg = Release|Any CPU
		{0745B145-CC6B-4F96-AB9E-49F481DAA1C8}.Release|Any CPU.Build.0 = Release|Any CPU
	EndGlobalSection
	GlobalSection(SolutionProperties) = preSolution
		HideSolutionNode = FALSE
	EndGlobalSection
EndGlobal
